
Microsoft Visual Studio Solution File, Format Version 12.00
# Visual Studio Version 17
VisualStudioVersion = 17.9.34701.34
MinimumVisualStudioVersion = 10.0.40219.1
Project("{FAE04EC0-301F-11D3-BF4B-00C04F79EFBC}") = "TrackAndGo.API", "TrackAndGo.API\TrackAndGo.API.csproj", "{20189999-1499-4C63-BE2E-676873B5942B}"
EndProject
Project("{FAE04EC0-301F-11D3-BF4B-00C04F79EFBC}") = "TrackAndGo.DataAccess", "TrackAndGo.DataAccess\TrackAndGo.DataAccess.csproj", "{503A4347-4DEF-4298-8C72-6297C8A3BE4E}"
EndProject
Global
	GlobalSection(SolutionConfigurationPlatforms) = preSolution
		Debug|Any CPU = Debug|Any CPU
		Release|Any CPU = Release|Any CPU
	EndGlobalSection
	GlobalSection(ProjectConfigurationPlatforms) = postSolution
		{20189999-1499-4C63-BE2E-676873B5942B}.Debug|Any CPU.ActiveCfg = Debug|Any CPU
		{20189999-1499-4C63-BE2E-676873B5942B}.Debug|Any CPU.Build.0 = Debug|Any CPU
		{20189999-1499-4C63-BE2E-676873B5942B}.Release|Any CPU.ActiveCfg = Release|Any CPU
		{20189999-1499-4C63-BE2E-676873B5942B}.Release|Any CPU.Build.0 = Release|Any CPU
		{503A4347-4DEF-4298-8C72-6297C8A3BE4E}.Debug|Any CPU.ActiveCfg = Debug|Any CPU
		{503A4347-4DEF-4298-8C72-6297C8A3BE4E}.Debug|Any CPU.Build.0 = Debug|Any CPU
		{503A4347-4DEF-4298-8C72-6297C8A3BE4E}.Release|Any CPU.ActiveCfg = Release|Any CPU
		{503A4347-4DEF-4298-8C72-6297C8A3BE4E}.Release|Any CPU.Build.0 = Release|Any CPU
	EndGlobalSection
	GlobalSection(SolutionProperties) = preSolution
		HideSolutionNode = FALSE
	EndGlobalSection
	GlobalSection(ExtensibilityGlobals) = postSolution
		SolutionGuid = {B377809C-1EF4-4B7D-9B19-4E1448334E23}
	EndGlobalSection
EndGlobal
